
Microsoft Visual Studio Solution File, Format Version 12.00
# Visual Studio Version 16
VisualStudioVersion = 16.0.31515.178
MinimumVisualStudioVersion = 10.0.40219.1
Project("{8BC9CEB8-8B4A-11D0-8D11-00A0C91BC942}") = "RLogger", "Driver2\Driver2.vcxproj", "{66185600-EE60-4900-A75D-BDCC51CBFCD3}"
EndProject
Project("{8BC9CEB8-8B4A-11D0-8D11-00A0C91BC942}") = "RLoggerApp", "RLoggerApp\RLoggerApp.vcxproj", "{BAD7A9A7-2C89-4C1D-8AEC-4F0B7D2442D3}"
EndProject
Global
	GlobalSection(SolutionConfigurationPlatforms) = preSolution
		Debug|ARM = Debug|ARM
		Debug|ARM64 = Debug|ARM64
		Debug|x64 = Debug|x64
		Debug|x86 = Debug|x86
		Release|ARM = Release|ARM
		Release|ARM64 = Release|ARM64
		Release|x64 = Release|x64
		Release|x86 = Release|x86
	EndGlobalSection
	GlobalSection(ProjectConfigurationPlatforms) = postSolution
		{66185600-EE60-4900-A75D-BDCC51CBFCD3}.Debug|ARM.ActiveCfg = Debug|ARM
		{66185600-EE60-4900-A75D-BDCC51CBFCD3}.Debug|ARM.Build.0 = Debug|ARM
		{66185600-EE60-4900-A75D-BDCC51CBFCD3}.Debug|ARM.Deploy.0 = Debug|ARM
		{66185600-EE60-4900-A75D-BDCC51CBFCD3}.Debug|ARM64.ActiveCfg = Debug|ARM64
		{66185600-EE60-4900-A75D-BDCC51CBFCD3}.Debug|ARM64.Build.0 = Debug|ARM64
		{66185600-EE60-4900-A75D-BDCC51CBFCD3}.Debug|ARM64.Deploy.0 = Debug|ARM64
		{66185600-EE60-4900-A75D-BDCC51CBFCD3}.Debug|x64.ActiveCfg = Debug|x64
		{66185600-EE60-4900-A75D-BDCC51CBFCD3}.Debug|x64.Build.0 = Debug|x64
		{66185600-EE60-4900-A75D-BDCC51CBFCD3}.Debug|x64.Deploy.0 = Debug|x64
		{66185600-EE60-4900-A75D-BDCC51CBFCD3}.Debug|x86.ActiveCfg = Debug|Win32
		{66185600-EE60-4900-A75D-BDCC51CBFCD3}.Debug|x86.Build.0 = Debug|Win32
		{66185600-EE60-4900-A75D-BDCC51CBFCD3}.Debug|x86.Deploy.0 = Debug|Win32
		{66185600-EE60-4900-A75D-BDCC51CBFCD3}.Release|ARM.ActiveCfg = Release|ARM
		{66185600-EE60-4900-A75D-BDCC51CBFCD3}.Release|ARM.Build.0 = Release|ARM
		{66185600-EE60-4900-A75D-BDCC51CBFCD3}.Release|ARM.Deploy.0 = Release|ARM
		{66185600-EE60-4900-A75D-BDCC51CBFCD3}.Release|ARM64.ActiveCfg = Release|ARM64
		{66185600-EE60-4900-A75D-BDCC51CBFCD3}.Release|ARM64.Build.0 = Release|ARM64
		{66185600-EE60-4900-A75D-BDCC51CBFCD3}.Release|ARM64.Deploy.0 = Release|ARM64
		{66185600-EE60-4900-A75D-BDCC51CBFCD3}.Release|x64.ActiveCfg = Release|x64
		{66185600-EE60-4900-A75D-BDCC51CBFCD3}.Release|x64.Build.0 = Release|x64
		{66185600-EE60-4900-A75D-BDCC51CBFCD3}.Release|x64.Deploy.0 = Release|x64
		{66185600-EE60-4900-A75D-BDCC51CBFCD3}.Release|x86.ActiveCfg = Release|Win32
		{66185600-EE60-4900-A75D-BDCC51CBFCD3}.Release|x86.Build.0 = Release|Win32
		{66185600-EE60-4900-A75D-BDCC51CBFCD3}.Release|x86.Deploy.0 = Release|Win32
		{BAD7A9A7-2C89-4C1D-8AEC-4F0B7D2442D3}.Debug|ARM.ActiveCfg = Debug|Win32
		{BAD7A9A7-2C89-4C1D-8AEC-4F0B7D2442D3}.Debug|ARM64.ActiveCfg = Debug|Win32
		{BAD7A9A7-2C89-4C1D-8AEC-4F0B7D2442D3}.Debug|x64.ActiveCfg = Debug|x64
		{BAD7A9A7-2C89-4C1D-8AEC-4F0B7D2442D3}.Debug|x64.Build.0 = Debug|x64
		{BAD7A9A7-2C89-4C1D-8AEC-4F0B7D2442D3}.Debug|x86.ActiveCfg = Debug|Win32
		{BAD7A9A7-2C89-4C1D-8AEC-4F0B7D2442D3}.Debug|x86.Build.0 = Debug|Win32
		{BAD7A9A7-2C89-4C1D-8AEC-4F0B7D2442D3}.Release|ARM.ActiveCfg = Release|Win32
		{BAD7A9A7-2C89-4C1D-8AEC-4F0B7D2442D3}.Release|ARM64.ActiveCfg = Release|Win32
		{BAD7A9A7-2C89-4C1D-8AEC-4F0B7D2442D3}.Release|x64.ActiveCfg = Release|x64
		{BAD7A9A7-2C89-4C1D-8AEC-4F0B7D2442D3}.Release|x64.Build.0 = Release|x64
		{BAD7A9A7-2C89-4C1D-8AEC-4F0B7D2442D3}.Release|x86.ActiveCfg = Release|Win32
		{BAD7A9A7-2C89-4C1D-8AEC-4F0B7D2442D3}.Release|x86.Build.0 = Release|Win32
	EndGlobalSection
	GlobalSection(SolutionProperties) = preSolution
		HideSolutionNode = FALSE
	EndGlobalSection
	GlobalSection(ExtensibilityGlobals) = postSolution
		SolutionGuid = {E27F96F9-BA83-44BA-98D3-090B874E704A}
	EndGlobalSection
EndGlobal
